
Microsoft Visual Studio Solution File, Format Version 12.00
# Visual Studio Version 17
VisualStudioVersion = 17.14.37111.16 d17.14
MinimumVisualStudioVersion = 10.0.40219.1
Project("{FAE04EC0-301F-11D3-BF4B-00C04F79EFBC}") = "DemoProject", "DemoProject\DemoProject.csproj", "{7A364823-9001-4781-86B9-6385DC612DE9}"
EndProject
Global
	GlobalSection(SolutionConfigurationPlatforms) = preSolution
		Debug|Any CPU = Debug|Any CPU
		Release|Any CPU = Release|Any CPU
	EndGlobalSection
	GlobalSection(ProjectConfigurationPlatforms) = postSolution
		{7A364823-9001-4781-86B9-6385DC612DE9}.Debug|Any CPU.ActiveCfg = Debug|Any CPU
		{7A364823-9001-4781-86B9-6385DC612DE9}.Debug|Any CPU.Build.0 = Debug|Any CPU
		{7A364823-9001-4781-86B9-6385DC612DE9}.Release|Any CPU.ActiveCfg = Release|Any CPU
		{7A364823-9001-4781-86B9-6385DC612DE9}.Release|Any CPU.Build.0 = Release|Any CPU
	EndGlobalSection
	GlobalSection(SolutionProperties) = preSolution
		HideSolutionNode = FALSE
	EndGlobalSection
	GlobalSection(ExtensibilityGlobals) = postSolution
		SolutionGuid = {777DE1A0-0162-401F-A0CF-BA2C8D4E76CF}
	EndGlobalSection
EndGlobal
